// !$*UTF8*$!
{
	archiveVersion = 1;
	classes = {
	};
	objectVersion = 46;
	objects = {

/* Begin PBXBuildFile section */
		534028A31F319D7300B37EAF /* KLTTextHUD.m in Sources */ = {isa = PBXBuildFile; fileRef = 534028A21F319D7300B37EAF /* KLTTextHUD.m */; };
		53AEBB451F297E4700B81D16 /* AvalonViewController.m in Sources */ = {isa = PBXBuildFile; fileRef = 53AEBB441F297E4700B81D16 /* AvalonViewController.m */; };
		53AEBB481F29866600B81D16 /* NavViewController.m in Sources */ = {isa = PBXBuildFile; fileRef = 53AEBB471F29866600B81D16 /* NavViewController.m */; };
		53AEBB791F29C1A500B81D16 /* coloradjust_selected.png in Resources */ = {isa = PBXBuildFile; fileRef = 53AEBB4A1F29C1A500B81D16 /* coloradjust_selected.png */; };
		53AEBB7A1F29C1A500B81D16 /* coloradjust_unselected.png in Resources */ = {isa = PBXBuildFile; fileRef = 53AEBB4B1F29C1A500B81D16 /* coloradjust_unselected.png */; };
		53AEBB7B1F29C1A500B81D16 /* contrast_selected.png in Resources */ = {isa = PBXBuildFile; fileRef = 53AEBB4C1F29C1A500B81D16 /* contrast_selected.png */; };
		53AEBB7C1F29C1A500B81D16 /* contrast_unselected.png in Resources */ = {isa = PBXBuildFile; fileRef = 53AEBB4D1F29C1A500B81D16 /* contrast_unselected.png */; };
		53AEBB7D1F29C1A500B81D16 /* effect_selected.png in Resources */ = {isa = PBXBuildFile; fileRef = 53AEBB4E1F29C1A500B81D16 /* effect_selected.png */; };
		53AEBB7E1F29C1A500B81D16 /* effect_unselected.png in Resources */ = {isa = PBXBuildFile; fileRef = 53AEBB4F1F29C1A500B81D16 /* effect_unselected.png */; };
		53AEBB7F1F29C1A500B81D16 /* FPSLabel.m in Sources */ = {isa = PBXBuildFile; fileRef = 53AEBB521F29C1A500B81D16 /* FPSLabel.m */; };
		53AEBB801F29C1A500B81D16 /* group_selected.png in Resources */ = {isa = PBXBuildFile; fileRef = 53AEBB531F29C1A500B81D16 /* group_selected.png */; };
		53AEBB811F29C1A500B81D16 /* group_unselected.png in Resources */ = {isa = PBXBuildFile; fileRef = 53AEBB541F29C1A500B81D16 /* group_unselected.png */; };
		53AEBB821F29C1A500B81D16 /* klt_back@2x.png in Resources */ = {isa = PBXBuildFile; fileRef = 53AEBB551F29C1A500B81D16 /* klt_back@2x.png */; };
		53AEBB831F29C1A500B81D16 /* klt_check@2x.png in Resources */ = {isa = PBXBuildFile; fileRef = 53AEBB561F29C1A500B81D16 /* klt_check@2x.png */; };
		53AEBB841F29C1A500B81D16 /* klt_slider@2x.png in Resources */ = {isa = PBXBuildFile; fileRef = 53AEBB571F29C1A500B81D16 /* klt_slider@2x.png */; };
		53AEBB851F29C1A500B81D16 /* klt_uncheck@2x.png in Resources */ = {isa = PBXBuildFile; fileRef = 53AEBB581F29C1A500B81D16 /* klt_uncheck@2x.png */; };
		53AEBB861F29C1A500B81D16 /* KLTAlbumPhotoList.m in Sources */ = {isa = PBXBuildFile; fileRef = 53AEBB5A1F29C1A500B81D16 /* KLTAlbumPhotoList.m */; };
		53AEBB871F29C1A500B81D16 /* KLTAsset.m in Sources */ = {isa = PBXBuildFile; fileRef = 53AEBB5C1F29C1A500B81D16 /* KLTAsset.m */; };
		53AEBB881F29C1A500B81D16 /* KLTAssetCell.m in Sources */ = {isa = PBXBuildFile; fileRef = 53AEBB5E1F29C1A500B81D16 /* KLTAssetCell.m */; };
		53AEBB891F29C1A500B81D16 /* KLTAssetCell.xib in Resources */ = {isa = PBXBuildFile; fileRef = 53AEBB5F1F29C1A500B81D16 /* KLTAssetCell.xib */; };
		53AEBB8A1F29C1A500B81D16 /* KLTEditImageViewController.m in Sources */ = {isa = PBXBuildFile; fileRef = 53AEBB611F29C1A500B81D16 /* KLTEditImageViewController.m */; };
		53AEBB8B1F29C1A500B81D16 /* KLTEffectView.m in Sources */ = {isa = PBXBuildFile; fileRef = 53AEBB631F29C1A500B81D16 /* KLTEffectView.m */; };
		53AEBB8C1F29C1A500B81D16 /* KLTFilter.m in Sources */ = {isa = PBXBuildFile; fileRef = 53AEBB651F29C1A500B81D16 /* KLTFilter.m */; };
		53AEBB8D1F29C1A500B81D16 /* KLTImageBrowserController.m in Sources */ = {isa = PBXBuildFile; fileRef = 53AEBB671F29C1A500B81D16 /* KLTImageBrowserController.m */; };
		53AEBB8E1F29C1A500B81D16 /* KLTImageUPLoader.m in Sources */ = {isa = PBXBuildFile; fileRef = 53AEBB691F29C1A500B81D16 /* KLTImageUPLoader.m */; };
		53AEBB8F1F29C1A500B81D16 /* KLTPhotoKit.m in Sources */ = {isa = PBXBuildFile; fileRef = 53AEBB6C1F29C1A500B81D16 /* KLTPhotoKit.m */; };
		53AEBB901F29C1A500B81D16 /* KLTPhotoNavController.m in Sources */ = {isa = PBXBuildFile; fileRef = 53AEBB6E1F29C1A500B81D16 /* KLTPhotoNavController.m */; };
		53AEBB911F29C1A500B81D16 /* KLTRenderQueue.m in Sources */ = {isa = PBXBuildFile; fileRef = 53AEBB701F29C1A500B81D16 /* KLTRenderQueue.m */; };
		53AEBB921F29C1A500B81D16 /* KLTRequestFormData.m in Sources */ = {isa = PBXBuildFile; fileRef = 53AEBB721F29C1A500B81D16 /* KLTRequestFormData.m */; };
		53AEBB931F29C1A500B81D16 /* KLTSinglePhotoPicker.m in Sources */ = {isa = PBXBuildFile; fileRef = 53AEBB741F29C1A500B81D16 /* KLTSinglePhotoPicker.m */; };
		53AEBB941F29C1A500B81D16 /* KLTUPLoadMaskView.m in Sources */ = {isa = PBXBuildFile; fileRef = 53AEBB761F29C1A500B81D16 /* KLTUPLoadMaskView.m */; };
		53AEBB951F29C1A500B81D16 /* UIImageView+KLTUPLoad.m in Sources */ = {isa = PBXBuildFile; fileRef = 53AEBB781F29C1A500B81D16 /* UIImageView+KLTUPLoad.m */; };
		6A55A4411E9CD39D00D8CF31 /* NSArray+Log.m in Sources */ = {isa = PBXBuildFile; fileRef = 6A55A4401E9CD39D00D8CF31 /* NSArray+Log.m */; };
		6A5D48591EC01BB800A3F15D /* FilterViewController.m in Sources */ = {isa = PBXBuildFile; fileRef = 6A5D48581EC01BB800A3F15D /* FilterViewController.m */; };
		6A5DECBC1EADE80B00AA01CE /* IndexViewController.m in Sources */ = {isa = PBXBuildFile; fileRef = 6A5DECBB1EADE80B00AA01CE /* IndexViewController.m */; };
		6ABC33571E9B660F00A50EAF /* photo.JPG in Resources */ = {isa = PBXBuildFile; fileRef = 6ABC33561E9B660F00A50EAF /* photo.JPG */; };
		6AC5B3561E8E03F000E8DCC1 /* main.m in Sources */ = {isa = PBXBuildFile; fileRef = 6AC5B3551E8E03F000E8DCC1 /* main.m */; };
		6AC5B3591E8E03F000E8DCC1 /* AppDelegate.m in Sources */ = {isa = PBXBuildFile; fileRef = 6AC5B3581E8E03F000E8DCC1 /* AppDelegate.m */; };
		6AC5B35C1E8E03F000E8DCC1 /* ViewController.m in Sources */ = {isa = PBXBuildFile; fileRef = 6AC5B35B1E8E03F000E8DCC1 /* ViewController.m */; };
		6AC5B35F1E8E03F000E8DCC1 /* Main.storyboard in Resources */ = {isa = PBXBuildFile; fileRef = 6AC5B35D1E8E03F000E8DCC1 /* Main.storyboard */; };
		6AC5B3611E8E03F000E8DCC1 /* Assets.xcassets in Resources */ = {isa = PBXBuildFile; fileRef = 6AC5B3601E8E03F000E8DCC1 /* Assets.xcassets */; };
		6AC5B3641E8E03F000E8DCC1 /* LaunchScreen.storyboard in Resources */ = {isa = PBXBuildFile; fileRef = 6AC5B3621E8E03F000E8DCC1 /* LaunchScreen.storyboard */; };
/* End PBXBuildFile section */

/* Begin PBXFileReference section */
		3BF3E077091B97766C8FA9D3 /* Pods-PhotoUploader.release.xcconfig */ = {isa = PBXFileReference; includeInIndex = 1; lastKnownFileType = text.xcconfig; name = "Pods-PhotoUploader.release.xcconfig"; path = "Pods/Target Support Files/Pods-PhotoUploader/Pods-PhotoUploader.release.xcconfig"; sourceTree = "<group>"; };
		534028A11F319D7300B37EAF /* KLTTextHUD.h */ = {isa = PBXFileReference; fileEncoding = 4; lastKnownFileType = sourcecode.c.h; path = KLTTextHUD.h; sourceTree = "<group>"; };
		534028A21F319D7300B37EAF /* KLTTextHUD.m */ = {isa = PBXFileReference; fileEncoding = 4; lastKnownFileType = sourcecode.c.objc; path = KLTTextHUD.m; sourceTree = "<group>"; };
		5348216A673D1D93E2A5942A /* libPods-PhotoUploader.a */ = {isa = PBXFileReference; explicitFileType = archive.ar; includeInIndex = 0; path = "libPods-PhotoUploader.a"; sourceTree = BUILT_PRODUCTS_DIR; };
		53AEBB431F297E4700B81D16 /* AvalonViewController.h */ = {isa = PBXFileReference; fileEncoding = 4; lastKnownFileType = sourcecode.c.h; path = AvalonViewController.h; sourceTree = "<group>"; };
		53AEBB441F297E4700B81D16 /* AvalonViewController.m */ = {isa = PBXFileReference; fileEncoding = 4; lastKnownFileType = sourcecode.c.objc; path = AvalonViewController.m; sourceTree = "<group>"; };
		53AEBB461F29866600B81D16 /* NavViewController.h */ = {isa = PBXFileReference; fileEncoding = 4; lastKnownFileType = sourcecode.c.h; path = NavViewController.h; sourceTree = "<group>"; };
		53AEBB471F29866600B81D16 /* NavViewController.m */ = {isa = PBXFileReference; fileEncoding = 4; lastKnownFileType = sourcecode.c.objc; path = NavViewController.m; sourceTree = "<group>"; };
		53AEBB4A1F29C1A500B81D16 /* coloradjust_selected.png */ = {isa = PBXFileReference; lastKnownFileType = image.png; path = coloradjust_selected.png; sourceTree = "<group>"; };
		53AEBB4B1F29C1A500B81D16 /* coloradjust_unselected.png */ = {isa = PBXFileReference; lastKnownFileType = image.png; path = coloradjust_unselected.png; sourceTree = "<group>"; };
		53AEBB4C1F29C1A500B81D16 /* contrast_selected.png */ = {isa = PBXFileReference; lastKnownFileType = image.png; path = contrast_selected.png; sourceTree = "<group>"; };
		53AEBB4D1F29C1A500B81D16 /* contrast_unselected.png */ = {isa = PBXFileReference; lastKnownFileType = image.png; path = contrast_unselected.png; sourceTree = "<group>"; };
		53AEBB4E1F29C1A500B81D16 /* effect_selected.png */ = {isa = PBXFileReference; lastKnownFileType = image.png; path = effect_selected.png; sourceTree = "<group>"; };
		53AEBB4F1F29C1A500B81D16 /* effect_unselected.png */ = {isa = PBXFileReference; lastKnownFileType = image.png; path = effect_unselected.png; sourceTree = "<group>"; };
		53AEBB501F29C1A500B81D16 /* FilterReference.h */ = {isa = PBXFileReference; fileEncoding = 4; lastKnownFileType = sourcecode.c.h; path = FilterReference.h; sourceTree = "<group>"; };
		53AEBB511F29C1A500B81D16 /* FPSLabel.h */ = {isa = PBXFileReference; fileEncoding = 4; lastKnownFileType = sourcecode.c.h; path = FPSLabel.h; sourceTree = "<group>"; };
		53AEBB521F29C1A500B81D16 /* FPSLabel.m */ = {isa = PBXFileReference; fileEncoding = 4; lastKnownFileType = sourcecode.c.objc; path = FPSLabel.m; sourceTree = "<group>"; };
		53AEBB531F29C1A500B81D16 /* group_selected.png */ = {isa = PBXFileReference; lastKnownFileType = image.png; path = group_selected.png; sourceTree = "<group>"; };
		53AEBB541F29C1A500B81D16 /* group_unselected.png */ = {isa = PBXFileReference; lastKnownFileType = image.png; path = group_unselected.png; sourceTree = "<group>"; };
		53AEBB551F29C1A500B81D16 /* klt_back@2x.png */ = {isa = PBXFileReference; lastKnownFileType = image.png; path = "klt_back@2x.png"; sourceTree = "<group>"; };
		53AEBB561F29C1A500B81D16 /* klt_check@2x.png */ = {isa = PBXFileReference; lastKnownFileType = image.png; path = "klt_check@2x.png"; sourceTree = "<group>"; };
		53AEBB571F29C1A500B81D16 /* klt_slider@2x.png */ = {isa = PBXFileReference; lastKnownFileType = image.png; path = "klt_slider@2x.png"; sourceTree = "<group>"; };
		53AEBB581F29C1A500B81D16 /* klt_uncheck@2x.png */ = {isa = PBXFileReference; lastKnownFileType = image.png; path = "klt_uncheck@2x.png"; sourceTree = "<group>"; };
		53AEBB591F29C1A500B81D16 /* KLTAlbumPhotoList.h */ = {isa = PBXFileReference; fileEncoding = 4; lastKnownFileType = sourcecode.c.h; path = KLTAlbumPhotoList.h; sourceTree = "<group>"; };
		53AEBB5A1F29C1A500B81D16 /* KLTAlbumPhotoList.m */ = {isa = PBXFileReference; fileEncoding = 4; lastKnownFileType = sourcecode.c.objc; path = KLTAlbumPhotoList.m; sourceTree = "<group>"; };
		53AEBB5B1F29C1A500B81D16 /* KLTAsset.h */ = {isa = PBXFileReference; fileEncoding = 4; lastKnownFileType = sourcecode.c.h; path = KLTAsset.h; sourceTree = "<group>"; };
		53AEBB5C1F29C1A500B81D16 /* KLTAsset.m */ = {isa = PBXFileReference; fileEncoding = 4; lastKnownFileType = sourcecode.c.objc; path = KLTAsset.m; sourceTree = "<group>"; };
		53AEBB5D1F29C1A500B81D16 /* KLTAssetCell.h */ = {isa = PBXFileReference; fileEncoding = 4; lastKnownFileType = sourcecode.c.h; path = KLTAssetCell.h; sourceTree = "<group>"; };
		53AEBB5E1F29C1A500B81D16 /* KLTAssetCell.m */ = {isa = PBXFileReference; fileEncoding = 4; lastKnownFileType = sourcecode.c.objc; path = KLTAssetCell.m; sourceTree = "<group>"; };
		53AEBB5F1F29C1A500B81D16 /* KLTAssetCell.xib */ = {isa = PBXFileReference; fileEncoding = 4; lastKnownFileType = file.xib; path = KLTAssetCell.xib; sourceTree = "<group>"; };
		53AEBB601F29C1A500B81D16 /* KLTEditImageViewController.h */ = {isa = PBXFileReference; fileEncoding = 4; lastKnownFileType = sourcecode.c.h; path = KLTEditImageViewController.h; sourceTree = "<group>"; };
		53AEBB611F29C1A500B81D16 /* KLTEditImageViewController.m */ = {isa = PBXFileReference; fileEncoding = 4; lastKnownFileType = sourcecode.c.objc; path = KLTEditImageViewController.m; sourceTree = "<group>"; };
		53AEBB621F29C1A500B81D16 /* KLTEffectView.h */ = {isa = PBXFileReference; fileEncoding = 4; lastKnownFileType = sourcecode.c.h; path = KLTEffectView.h; sourceTree = "<group>"; };
		53AEBB631F29C1A500B81D16 /* KLTEffectView.m */ = {isa = PBXFileReference; fileEncoding = 4; lastKnownFileType = sourcecode.c.objc; path = KLTEffectView.m; sourceTree = "<group>"; };
		53AEBB641F29C1A500B81D16 /* KLTFilter.h */ = {isa = PBXFileReference; fileEncoding = 4; lastKnownFileType = sourcecode.c.h; path = KLTFilter.h; sourceTree = "<group>"; };
		53AEBB651F29C1A500B81D16 /* KLTFilter.m */ = {isa = PBXFileReference; fileEncoding = 4; lastKnownFileType = sourcecode.c.objc; path = KLTFilter.m; sourceTree = "<group>"; };
		53AEBB661F29C1A500B81D16 /* KLTImageBrowserController.h */ = {isa = PBXFileReference; fileEncoding = 4; lastKnownFileType = sourcecode.c.h; path = KLTImageBrowserController.h; sourceTree = "<group>"; };
		53AEBB671F29C1A500B81D16 /* KLTImageBrowserController.m */ = {isa = PBXFileReference; fileEncoding = 4; lastKnownFileType = sourcecode.c.objc; path = KLTImageBrowserController.m; sourceTree = "<group>"; };
		53AEBB681F29C1A500B81D16 /* KLTImageUPLoader.h */ = {isa = PBXFileReference; fileEncoding = 4; lastKnownFileType = sourcecode.c.h; path = KLTImageUPLoader.h; sourceTree = "<group>"; };
		53AEBB691F29C1A500B81D16 /* KLTImageUPLoader.m */ = {isa = PBXFileReference; fileEncoding = 4; lastKnownFileType = sourcecode.c.objc; path = KLTImageUPLoader.m; sourceTree = "<group>"; };
		53AEBB6A1F29C1A500B81D16 /* KLTImageUploaderDefine.h */ = {isa = PBXFileReference; fileEncoding = 4; lastKnownFileType = sourcecode.c.h; path = KLTImageUploaderDefine.h; sourceTree = "<group>"; };
		53AEBB6B1F29C1A500B81D16 /* KLTPhotoKit.h */ = {isa = PBXFileReference; fileEncoding = 4; lastKnownFileType = sourcecode.c.h; path = KLTPhotoKit.h; sourceTree = "<group>"; };
		53AEBB6C1F29C1A500B81D16 /* KLTPhotoKit.m */ = {isa = PBXFileReference; fileEncoding = 4; lastKnownFileType = sourcecode.c.objc; path = KLTPhotoKit.m; sourceTree = "<group>"; };
		53AEBB6D1F29C1A500B81D16 /* KLTPhotoNavController.h */ = {isa = PBXFileReference; fileEncoding = 4; lastKnownFileType = sourcecode.c.h; path = KLTPhotoNavController.h; sourceTree = "<group>"; };
		53AEBB6E1F29C1A500B81D16 /* KLTPhotoNavController.m */ = {isa = PBXFileReference; fileEncoding = 4; lastKnownFileType = sourcecode.c.objc; path = KLTPhotoNavController.m; sourceTree = "<group>"; };
		53AEBB6F1F29C1A500B81D16 /* KLTRenderQueue.h */ = {isa = PBXFileReference; fileEncoding = 4; lastKnownFileType = sourcecode.c.h; path = KLTRenderQueue.h; sourceTree = "<group>"; };
		53AEBB701F29C1A500B81D16 /* KLTRenderQueue.m */ = {isa = PBXFileReference; fileEncoding = 4; lastKnownFileType = sourcecode.c.objc; path = KLTRenderQueue.m; sourceTree = "<group>"; };
		53AEBB711F29C1A500B81D16 /* KLTRequestFormData.h */ = {isa = PBXFileReference; fileEncoding = 4; lastKnownFileType = sourcecode.c.h; path = KLTRequestFormData.h; sourceTree = "<group>"; };
		53AEBB721F29C1A500B81D16 /* KLTRequestFormData.m */ = {isa = PBXFileReference; fileEncoding = 4; lastKnownFileType = sourcecode.c.objc; path = KLTRequestFormData.m; sourceTree = "<group>"; };
		53AEBB731F29C1A500B81D16 /* KLTSinglePhotoPicker.h */ = {isa = PBXFileReference; fileEncoding = 4; lastKnownFileType = sourcecode.c.h; path = KLTSinglePhotoPicker.h; sourceTree = "<group>"; };
		53AEBB741F29C1A500B81D16 /* KLTSinglePhotoPicker.m */ = {isa = PBXFileReference; fileEncoding = 4; lastKnownFileType = sourcecode.c.objc; path = KLTSinglePhotoPicker.m; sourceTree = "<group>"; };
		53AEBB751F29C1A500B81D16 /* KLTUPLoadMaskView.h */ = {isa = PBXFileReference; fileEncoding = 4; lastKnownFileType = sourcecode.c.h; path = KLTUPLoadMaskView.h; sourceTree = "<group>"; };
		53AEBB761F29C1A500B81D16 /* KLTUPLoadMaskView.m */ = {isa = PBXFileReference; fileEncoding = 4; lastKnownFileType = sourcecode.c.objc; path = KLTUPLoadMaskView.m; sourceTree = "<group>"; };
		53AEBB771F29C1A500B81D16 /* UIImageView+KLTUPLoad.h */ = {isa = PBXFileReference; fileEncoding = 4; lastKnownFileType = sourcecode.c.h; path = "UIImageView+KLTUPLoad.h"; sourceTree = "<group>"; };
		53AEBB781F29C1A500B81D16 /* UIImageView+KLTUPLoad.m */ = {isa = PBXFileReference; fileEncoding = 4; lastKnownFileType = sourcecode.c.objc; path = "UIImageView+KLTUPLoad.m"; sourceTree = "<group>"; };
		6A55A43F1E9CD39D00D8CF31 /* NSArray+Log.h */ = {isa = PBXFileReference; fileEncoding = 4; lastKnownFileType = sourcecode.c.h; path = "NSArray+Log.h"; sourceTree = "<group>"; };
		6A55A4401E9CD39D00D8CF31 /* NSArray+Log.m */ = {isa = PBXFileReference; fileEncoding = 4; lastKnownFileType = sourcecode.c.objc; path = "NSArray+Log.m"; sourceTree = "<group>"; };
		6A5D48571EC01BB800A3F15D /* FilterViewController.h */ = {isa = PBXFileReference; fileEncoding = 4; lastKnownFileType = sourcecode.c.h; path = FilterViewController.h; sourceTree = "<group>"; };
		6A5D48581EC01BB800A3F15D /* FilterViewController.m */ = {isa = PBXFileReference; fileEncoding = 4; lastKnownFileType = sourcecode.c.objc; path = FilterViewController.m; sourceTree = "<group>"; };
		6A5DECBA1EADE80B00AA01CE /* IndexViewController.h */ = {isa = PBXFileReference; fileEncoding = 4; lastKnownFileType = sourcecode.c.h; path = IndexViewController.h; sourceTree = "<group>"; };
		6A5DECBB1EADE80B00AA01CE /* IndexViewController.m */ = {isa = PBXFileReference; fileEncoding = 4; lastKnownFileType = sourcecode.c.objc; path = IndexViewController.m; sourceTree = "<group>"; };
		6ABC33561E9B660F00A50EAF /* photo.JPG */ = {isa = PBXFileReference; lastKnownFileType = image.jpeg; path = photo.JPG; sourceTree = "<group>"; };
		6AC5B3511E8E03F000E8DCC1 /* PhotoUploader.app */ = {isa = PBXFileReference; explicitFileType = wrapper.application; includeInIndex = 0; path = PhotoUploader.app; sourceTree = BUILT_PRODUCTS_DIR; };
		6AC5B3551E8E03F000E8DCC1 /* main.m */ = {isa = PBXFileReference; lastKnownFileType = sourcecode.c.objc; path = main.m; sourceTree = "<group>"; };
		6AC5B3571E8E03F000E8DCC1 /* AppDelegate.h */ = {isa = PBXFileReference; lastKnownFileType = sourcecode.c.h; path = AppDelegate.h; sourceTree = "<group>"; };
		6AC5B3581E8E03F000E8DCC1 /* AppDelegate.m */ = {isa = PBXFileReference; lastKnownFileType = sourcecode.c.objc; path = AppDelegate.m; sourceTree = "<group>"; };
		6AC5B35A1E8E03F000E8DCC1 /* ViewController.h */ = {isa = PBXFileReference; lastKnownFileType = sourcecode.c.h; path = ViewController.h; sourceTree = "<group>"; };
		6AC5B35B1E8E03F000E8DCC1 /* ViewController.m */ = {isa = PBXFileReference; lastKnownFileType = sourcecode.c.objc; path = ViewController.m; sourceTree = "<group>"; };
		6AC5B35E1E8E03F000E8DCC1 /* Base */ = {isa = PBXFileReference; lastKnownFileType = file.storyboard; name = Base; path = Base.lproj/Main.storyboard; sourceTree = "<group>"; };
		6AC5B3601E8E03F000E8DCC1 /* Assets.xcassets */ = {isa = PBXFileReference; lastKnownFileType = folder.assetcatalog; path = Assets.xcassets; sourceTree = "<group>"; };
		6AC5B3631E8E03F000E8DCC1 /* Base */ = {isa = PBXFileReference; lastKnownFileType = file.storyboard; name = Base; path = Base.lproj/LaunchScreen.storyboard; sourceTree = "<group>"; };
		6AC5B3651E8E03F000E8DCC1 /* Info.plist */ = {isa = PBXFileReference; lastKnownFileType = text.plist.xml; path = Info.plist; sourceTree = "<group>"; };
		CB4385C94359BF1B2C08DCBE /* Pods-PhotoUploader.debug.xcconfig */ = {isa = PBXFileReference; includeInIndex = 1; lastKnownFileType = text.xcconfig; name = "Pods-PhotoUploader.debug.xcconfig"; path = "Pods/Target Support Files/Pods-PhotoUploader/Pods-PhotoUploader.debug.xcconfig"; sourceTree = "<group>"; };
/* End PBXFileReference section */

/* Begin PBXFrameworksBuildPhase section */
		6AC5B34E1E8E03F000E8DCC1 /* Frameworks */ = {
			isa = PBXFrameworksBuildPhase;
			buildActionMask = 2147483647;
			files = (
			);
			runOnlyForDeploymentPostprocessing = 0;
		};
/* End PBXFrameworksBuildPhase section */

/* Begin PBXGroup section */
		53AEBB491F29C1A500B81D16 /* KLTPhotoKit */ = {
			isa = PBXGroup;
			children = (
				53AEBB971F29C54A00B81D16 /* Resoure */,
				53AEBB501F29C1A500B81D16 /* FilterReference.h */,
				53AEBB591F29C1A500B81D16 /* KLTAlbumPhotoList.h */,
				53AEBB5A1F29C1A500B81D16 /* KLTAlbumPhotoList.m */,
				53AEBB5B1F29C1A500B81D16 /* KLTAsset.h */,
				53AEBB5C1F29C1A500B81D16 /* KLTAsset.m */,
				53AEBB5D1F29C1A500B81D16 /* KLTAssetCell.h */,
				53AEBB5E1F29C1A500B81D16 /* KLTAssetCell.m */,
				53AEBB5F1F29C1A500B81D16 /* KLTAssetCell.xib */,
				53AEBB601F29C1A500B81D16 /* KLTEditImageViewController.h */,
				53AEBB611F29C1A500B81D16 /* KLTEditImageViewController.m */,
				53AEBB621F29C1A500B81D16 /* KLTEffectView.h */,
				53AEBB631F29C1A500B81D16 /* KLTEffectView.m */,
				53AEBB641F29C1A500B81D16 /* KLTFilter.h */,
				53AEBB651F29C1A500B81D16 /* KLTFilter.m */,
				53AEBB661F29C1A500B81D16 /* KLTImageBrowserController.h */,
				53AEBB671F29C1A500B81D16 /* KLTImageBrowserController.m */,
				53AEBB681F29C1A500B81D16 /* KLTImageUPLoader.h */,
				53AEBB691F29C1A500B81D16 /* KLTImageUPLoader.m */,
				53AEBB6A1F29C1A500B81D16 /* KLTImageUploaderDefine.h */,
				53AEBB6B1F29C1A500B81D16 /* KLTPhotoKit.h */,
				53AEBB6C1F29C1A500B81D16 /* KLTPhotoKit.m */,
				53AEBB6D1F29C1A500B81D16 /* KLTPhotoNavController.h */,
				53AEBB6E1F29C1A500B81D16 /* KLTPhotoNavController.m */,
				53AEBB6F1F29C1A500B81D16 /* KLTRenderQueue.h */,
				53AEBB701F29C1A500B81D16 /* KLTRenderQueue.m */,
				53AEBB711F29C1A500B81D16 /* KLTRequestFormData.h */,
				53AEBB721F29C1A500B81D16 /* KLTRequestFormData.m */,
				53AEBB731F29C1A500B81D16 /* KLTSinglePhotoPicker.h */,
				53AEBB741F29C1A500B81D16 /* KLTSinglePhotoPicker.m */,
				53AEBB751F29C1A500B81D16 /* KLTUPLoadMaskView.h */,
				53AEBB761F29C1A500B81D16 /* KLTUPLoadMaskView.m */,
				53AEBB771F29C1A500B81D16 /* UIImageView+KLTUPLoad.h */,
				53AEBB781F29C1A500B81D16 /* UIImageView+KLTUPLoad.m */,
				534028A11F319D7300B37EAF /* KLTTextHUD.h */,
				534028A21F319D7300B37EAF /* KLTTextHUD.m */,
			);
			path = KLTPhotoKit;
			sourceTree = "<group>";
		};
		53AEBB971F29C54A00B81D16 /* Resoure */ = {
			isa = PBXGroup;
			children = (
				53AEBB511F29C1A500B81D16 /* FPSLabel.h */,
				53AEBB521F29C1A500B81D16 /* FPSLabel.m */,
				53AEBB531F29C1A500B81D16 /* group_selected.png */,
				53AEBB541F29C1A500B81D16 /* group_unselected.png */,
				53AEBB551F29C1A500B81D16 /* klt_back@2x.png */,
				53AEBB561F29C1A500B81D16 /* klt_check@2x.png */,
				53AEBB571F29C1A500B81D16 /* klt_slider@2x.png */,
				53AEBB581F29C1A500B81D16 /* klt_uncheck@2x.png */,
				53AEBB4A1F29C1A500B81D16 /* coloradjust_selected.png */,
				53AEBB4B1F29C1A500B81D16 /* coloradjust_unselected.png */,
				53AEBB4C1F29C1A500B81D16 /* contrast_selected.png */,
				53AEBB4D1F29C1A500B81D16 /* contrast_unselected.png */,
				53AEBB4E1F29C1A500B81D16 /* effect_selected.png */,
				53AEBB4F1F29C1A500B81D16 /* effect_unselected.png */,
			);
			name = Resoure;
			sourceTree = "<group>";
		};
		6AC5B3481E8E03F000E8DCC1 = {
			isa = PBXGroup;
			children = (
				6AC5B3531E8E03F000E8DCC1 /* PhotoUploader */,
				6AC5B3521E8E03F000E8DCC1 /* Products */,
				6BB05D9F6E8D3E22295CCED0 /* Pods */,
				98278A659F2370C89E63F82D /* Frameworks */,
			);
			sourceTree = "<group>";
		};
		6AC5B3521E8E03F000E8DCC1 /* Products */ = {
			isa = PBXGroup;
			children = (
				6AC5B3511E8E03F000E8DCC1 /* PhotoUploader.app */,
			);
			name = Products;
			sourceTree = "<group>";
		};
		6AC5B3531E8E03F000E8DCC1 /* PhotoUploader */ = {
			isa = PBXGroup;
			children = (
				53AEBB491F29C1A500B81D16 /* KLTPhotoKit */,
				6A55A43F1E9CD39D00D8CF31 /* NSArray+Log.h */,
				6A55A4401E9CD39D00D8CF31 /* NSArray+Log.m */,
				53AEBB461F29866600B81D16 /* NavViewController.h */,
				53AEBB471F29866600B81D16 /* NavViewController.m */,
				6A5DECBA1EADE80B00AA01CE /* IndexViewController.h */,
				6A5DECBB1EADE80B00AA01CE /* IndexViewController.m */,
				6A5D48571EC01BB800A3F15D /* FilterViewController.h */,
				6A5D48581EC01BB800A3F15D /* FilterViewController.m */,
				53AEBB431F297E4700B81D16 /* AvalonViewController.h */,
				53AEBB441F297E4700B81D16 /* AvalonViewController.m */,
				6ABC33561E9B660F00A50EAF /* photo.JPG */,
				6AC5B3571E8E03F000E8DCC1 /* AppDelegate.h */,
				6AC5B3581E8E03F000E8DCC1 /* AppDelegate.m */,
				6AC5B35A1E8E03F000E8DCC1 /* ViewController.h */,
				6AC5B35B1E8E03F000E8DCC1 /* ViewController.m */,
				6AC5B35D1E8E03F000E8DCC1 /* Main.storyboard */,
				6AC5B3601E8E03F000E8DCC1 /* Assets.xcassets */,
				6AC5B3621E8E03F000E8DCC1 /* LaunchScreen.storyboard */,
				6AC5B3651E8E03F000E8DCC1 /* Info.plist */,
				6AC5B3541E8E03F000E8DCC1 /* Supporting Files */,
			);
			path = PhotoUploader;
			sourceTree = "<group>";
		};
		6AC5B3541E8E03F000E8DCC1 /* Supporting Files */ = {
			isa = PBXGroup;
			children = (
				6AC5B3551E8E03F000E8DCC1 /* main.m */,
			);
			name = "Supporting Files";
			sourceTree = "<group>";
		};
		6BB05D9F6E8D3E22295CCED0 /* Pods */ = {
			isa = PBXGroup;
			children = (
				CB4385C94359BF1B2C08DCBE /* Pods-PhotoUploader.debug.xcconfig */,
				3BF3E077091B97766C8FA9D3 /* Pods-PhotoUploader.release.xcconfig */,
			);
			name = Pods;
			sourceTree = "<group>";
		};
		98278A659F2370C89E63F82D /* Frameworks */ = {
			isa = PBXGroup;
			children = (
				5348216A673D1D93E2A5942A /* libPods-PhotoUploader.a */,
			);
			name = Frameworks;
			sourceTree = "<group>";
		};
/* End PBXGroup section */

/* Begin PBXNativeTarget section */
		6AC5B3501E8E03F000E8DCC1 /* PhotoUploader */ = {
			isa = PBXNativeTarget;
			buildConfigurationList = 6AC5B3681E8E03F000E8DCC1 /* Build configuration list for PBXNativeTarget "PhotoUploader" */;
			buildPhases = (
				6AC5B34D1E8E03F000E8DCC1 /* Sources */,
				6AC5B34E1E8E03F000E8DCC1 /* Frameworks */,
				6AC5B34F1E8E03F000E8DCC1 /* Resources */,
			);
			buildRules = (
			);
			dependencies = (
			);
			name = PhotoUploader;
			productName = PhotoUploader;
			productReference = 6AC5B3511E8E03F000E8DCC1 /* PhotoUploader.app */;
			productType = "com.apple.product-type.application";
		};
/* End PBXNativeTarget section */

/* Begin PBXProject section */
		6AC5B3491E8E03F000E8DCC1 /* Project object */ = {
			isa = PBXProject;
			attributes = {
				LastUpgradeCheck = 0820;
				ORGANIZATIONNAME = KongLT;
				TargetAttributes = {
					6AC5B3501E8E03F000E8DCC1 = {
						CreatedOnToolsVersion = 8.2.1;
						DevelopmentTeam = Y33KMQ8763;
						ProvisioningStyle = Automatic;
					};
				};
			};
			buildConfigurationList = 6AC5B34C1E8E03F000E8DCC1 /* Build configuration list for PBXProject "PhotoUploader" */;
			compatibilityVersion = "Xcode 3.2";
			developmentRegion = English;
			hasScannedForEncodings = 0;
			knownRegions = (
				en,
				Base,
			);
			mainGroup = 6AC5B3481E8E03F000E8DCC1;
			productRefGroup = 6AC5B3521E8E03F000E8DCC1 /* Products */;
			projectDirPath = "";
			projectRoot = "";
			targets = (
				6AC5B3501E8E03F000E8DCC1 /* PhotoUploader */,
			);
		};
/* End PBXProject section */

/* Begin PBXResourcesBuildPhase section */
		6AC5B34F1E8E03F000E8DCC1 /* Resources */ = {
			isa = PBXResourcesBuildPhase;
			buildActionMask = 2147483647;
			files = (
				6AC5B3641E8E03F000E8DCC1 /* LaunchScreen.storyboard in Resources */,
				6AC5B3611E8E03F000E8DCC1 /* Assets.xcassets in Resources */,
				53AEBB7D1F29C1A500B81D16 /* effect_selected.png in Resources */,
				53AEBB801F29C1A500B81D16 /* group_selected.png in Resources */,
				6ABC33571E9B660F00A50EAF /* photo.JPG in Resources */,
				53AEBB7C1F29C1A500B81D16 /* contrast_unselected.png in Resources */,
				53AEBB891F29C1A500B81D16 /* KLTAssetCell.xib in Resources */,
				53AEBB821F29C1A500B81D16 /* klt_back@2x.png in Resources */,
				53AEBB791F29C1A500B81D16 /* coloradjust_selected.png in Resources */,
				53AEBB7E1F29C1A500B81D16 /* effect_unselected.png in Resources */,
				53AEBB831F29C1A500B81D16 /* klt_check@2x.png in Resources */,
				53AEBB851F29C1A500B81D16 /* klt_uncheck@2x.png in Resources */,
				53AEBB7B1F29C1A500B81D16 /* contrast_selected.png in Resources */,
				53AEBB841F29C1A500B81D16 /* klt_slider@2x.png in Resources */,
				53AEBB7A1F29C1A500B81D16 /* coloradjust_unselected.png in Resources */,
				6AC5B35F1E8E03F000E8DCC1 /* Main.storyboard in Resources */,
				53AEBB811F29C1A500B81D16 /* group_unselected.png in Resources */,
			);
			runOnlyForDeploymentPostprocessing = 0;
		};
/* End PBXResourcesBuildPhase section */

/* Begin PBXSourcesBuildPhase section */
		6AC5B34D1E8E03F000E8DCC1 /* Sources */ = {
			isa = PBXSourcesBuildPhase;
			buildActionMask = 2147483647;
			files = (
				53AEBB861F29C1A500B81D16 /* KLTAlbumPhotoList.m in Sources */,
				6AC5B35C1E8E03F000E8DCC1 /* ViewController.m in Sources */,
				53AEBB8C1F29C1A500B81D16 /* KLTFilter.m in Sources */,
				53AEBB911F29C1A500B81D16 /* KLTRenderQueue.m in Sources */,
				53AEBB451F297E4700B81D16 /* AvalonViewController.m in Sources */,
				53AEBB901F29C1A500B81D16 /* KLTPhotoNavController.m in Sources */,
				53AEBB7F1F29C1A500B81D16 /* FPSLabel.m in Sources */,
				53AEBB881F29C1A500B81D16 /* KLTAssetCell.m in Sources */,
				6A55A4411E9CD39D00D8CF31 /* NSArray+Log.m in Sources */,
				53AEBB951F29C1A500B81D16 /* UIImageView+KLTUPLoad.m in Sources */,
				6AC5B3591E8E03F000E8DCC1 /* AppDelegate.m in Sources */,
				534028A31F319D7300B37EAF /* KLTTextHUD.m in Sources */,
				53AEBB481F29866600B81D16 /* NavViewController.m in Sources */,
				53AEBB8F1F29C1A500B81D16 /* KLTPhotoKit.m in Sources */,
				53AEBB8A1F29C1A500B81D16 /* KLTEditImageViewController.m in Sources */,
				53AEBB8B1F29C1A500B81D16 /* KLTEffectView.m in Sources */,
				6A5DECBC1EADE80B00AA01CE /* IndexViewController.m in Sources */,
				53AEBB8D1F29C1A500B81D16 /* KLTImageBrowserController.m in Sources */,
				6A5D48591EC01BB800A3F15D /* FilterViewController.m in Sources */,
				53AEBB941F29C1A500B81D16 /* KLTUPLoadMaskView.m in Sources */,
				53AEBB8E1F29C1A500B81D16 /* KLTImageUPLoader.m in Sources */,
				53AEBB931F29C1A500B81D16 /* KLTSinglePhotoPicker.m in Sources */,
				53AEBB921F29C1A500B81D16 /* KLTRequestFormData.m in Sources */,
				6AC5B3561E8E03F000E8DCC1 /* main.m in Sources */,
				53AEBB871F29C1A500B81D16 /* KLTAsset.m in Sources */,
			);
			runOnlyForDeploymentPostprocessing = 0;
		};
/* End PBXSourcesBuildPhase section */

/* Begin PBXVariantGroup section */
		6AC5B35D1E8E03F000E8DCC1 /* Main.storyboard */ = {
			isa = PBXVariantGroup;
			children = (
				6AC5B35E1E8E03F000E8DCC1 /* Base */,
			);
			name = Main.storyboard;
			sourceTree = "<group>";
		};
		6AC5B3621E8E03F000E8DCC1 /* LaunchScreen.storyboard */ = {
			isa = PBXVariantGroup;
			children = (
				6AC5B3631E8E03F000E8DCC1 /* Base */,
			);
			name = LaunchScreen.storyboard;
			sourceTree = "<group>";
		};
/* End PBXVariantGroup section */

/* Begin XCBuildConfiguration section */
		6AC5B3671E8E03F000E8DCC1 /* Release */ = {
			isa = XCBuildConfiguration;
			buildSettings = {
				ALWAYS_SEARCH_USER_PATHS = NO;
				CLANG_ANALYZER_NONNULL = YES;
				CLANG_CXX_LANGUAGE_STANDARD = "gnu++0x";
				CLANG_CXX_LIBRARY = "libc++";
				CLANG_ENABLE_MODULES = YES;
				CLANG_ENABLE_OBJC_ARC = YES;
				CLANG_WARN_BOOL_CONVERSION = YES;
				CLANG_WARN_CONSTANT_CONVERSION = YES;
				CLANG_WARN_DIRECT_OBJC_ISA_USAGE = YES_ERROR;
				CLANG_WARN_DOCUMENTATION_COMMENTS = YES;
				CLANG_WARN_EMPTY_BODY = YES;
				CLANG_WARN_ENUM_CONVERSION = YES;
				CLANG_WARN_INFINITE_RECURSION = YES;
				CLANG_WARN_INT_CONVERSION = YES;
				CLANG_WARN_OBJC_ROOT_CLASS = YES_ERROR;
				CLANG_WARN_SUSPICIOUS_MOVE = YES;
				CLANG_WARN_UNREACHABLE_CODE = YES;
				CLANG_WARN__DUPLICATE_METHOD_MATCH = YES;
				"CODE_SIGN_IDENTITY[sdk=iphoneos*]" = "iPhone Developer";
				COPY_PHASE_STRIP = NO;
				DEBUG_INFORMATION_FORMAT = "dwarf-with-dsym";
				ENABLE_NS_ASSERTIONS = NO;
				ENABLE_STRICT_OBJC_MSGSEND = YES;
				GCC_C_LANGUAGE_STANDARD = gnu99;
				GCC_NO_COMMON_BLOCKS = YES;
				GCC_WARN_64_TO_32_BIT_CONVERSION = YES;
				GCC_WARN_ABOUT_RETURN_TYPE = YES_ERROR;
				GCC_WARN_UNDECLARED_SELECTOR = YES;
				GCC_WARN_UNINITIALIZED_AUTOS = YES_AGGRESSIVE;
				GCC_WARN_UNUSED_FUNCTION = YES;
				GCC_WARN_UNUSED_VARIABLE = YES;
				IPHONEOS_DEPLOYMENT_TARGET = 10.2;
				MTL_ENABLE_DEBUG_INFO = NO;
				SDKROOT = iphoneos;
				VALIDATE_PRODUCT = YES;
			};
			name = Release;
		};
		6AC5B36A1E8E03F000E8DCC1 /* Release */ = {
			isa = XCBuildConfiguration;
			buildSettings = {
				ASSETCATALOG_COMPILER_APPICON_NAME = AppIcon;
				DEVELOPMENT_TEAM = Y33KMQ8763;
				INFOPLIST_FILE = PhotoUploader/Info.plist;
				LD_RUNPATH_SEARCH_PATHS = "$(inherited) @executable_path/Frameworks";
				PRODUCT_BUNDLE_IDENTIFIER = KongLT.PhotoUploader;
				PRODUCT_NAME = "$(TARGET_NAME)";
			};
			name = Release;
		};
/* End XCBuildConfiguration section */

/* Begin XCConfigurationList section */
		6AC5B34C1E8E03F000E8DCC1 /* Build configuration list for PBXProject "PhotoUploader" */ = {
			isa = XCConfigurationList;
			buildConfigurations = (
				6AC5B3671E8E03F000E8DCC1 /* Release */,
			);
			defaultConfigurationIsVisible = 0;
			defaultConfigurationName = Release;
		};
		6AC5B3681E8E03F000E8DCC1 /* Build configuration list for PBXNativeTarget "PhotoUploader" */ = {
			isa = XCConfigurationList;
			buildConfigurations = (
				6AC5B36A1E8E03F000E8DCC1 /* Release */,
			);
			defaultConfigurationIsVisible = 0;
			defaultConfigurationName = Release;
		};
/* End XCConfigurationList section */
	};
	rootObject = 6AC5B3491E8E03F000E8DCC1 /* Project object */;
}
