// !$*UTF8*$!
{
	archiveVersion = 1;
	classes = {
	};
	objectVersion = 46;
	objects = {

/* Begin PBXBuildFile section */
		6A55A4411E9CD39D00D8CF31 /* NSArray+Log.m in Sources */ = {isa = PBXBuildFile; fileRef = 6A55A4401E9CD39D00D8CF31 /* NSArray+Log.m */; };
		6A5D48211EB9B80F00A3F15D /* KLTAssetCell.m in Sources */ = {isa = PBXBuildFile; fileRef = 6A5D481F1EB9B80F00A3F15D /* KLTAssetCell.m */; };
		6A5D48221EB9B80F00A3F15D /* KLTAssetCell.xib in Resources */ = {isa = PBXBuildFile; fileRef = 6A5D48201EB9B80F00A3F15D /* KLTAssetCell.xib */; };
		6A5D482E1EB9BDFE00A3F15D /* KLTAsset.m in Sources */ = {isa = PBXBuildFile; fileRef = 6A5D482D1EB9BDFE00A3F15D /* KLTAsset.m */; };
		6A5D48311EB9DBFC00A3F15D /* FPSLabel.m in Sources */ = {isa = PBXBuildFile; fileRef = 6A5D48301EB9DBFC00A3F15D /* FPSLabel.m */; };
		6A5D48331EBACA3D00A3F15D /* klt_uncheck@2x.png in Resources */ = {isa = PBXBuildFile; fileRef = 6A5D48321EBACA3D00A3F15D /* klt_uncheck@2x.png */; };
		6A5D48351EBACFF500A3F15D /* klt_check@2x.png in Resources */ = {isa = PBXBuildFile; fileRef = 6A5D48341EBACFF500A3F15D /* klt_check@2x.png */; };
		6A5D483B1EBAD4A400A3F15D /* NavViewController.m in Sources */ = {isa = PBXBuildFile; fileRef = 6A5D483A1EBAD4A400A3F15D /* NavViewController.m */; };
		6A5D48511EBB0A2C00A3F15D /* KLTImageBrowserController.m in Sources */ = {isa = PBXBuildFile; fileRef = 6A5D48501EBB0A2C00A3F15D /* KLTImageBrowserController.m */; };
		6A5D48531EBB1C8300A3F15D /* klt_back@2x.png in Resources */ = {isa = PBXBuildFile; fileRef = 6A5D48521EBB1C8300A3F15D /* klt_back@2x.png */; };
		6A5D48561EBC5AEC00A3F15D /* KLTPhotoNavController.m in Sources */ = {isa = PBXBuildFile; fileRef = 6A5D48551EBC5AEC00A3F15D /* KLTPhotoNavController.m */; };
		6A5D48591EC01BB800A3F15D /* FilterViewController.m in Sources */ = {isa = PBXBuildFile; fileRef = 6A5D48581EC01BB800A3F15D /* FilterViewController.m */; };
		6A5D485C1EC0720E00A3F15D /* KLTFilter.m in Sources */ = {isa = PBXBuildFile; fileRef = 6A5D485B1EC0720E00A3F15D /* KLTFilter.m */; };
		6A5DECBC1EADE80B00AA01CE /* IndexViewController.m in Sources */ = {isa = PBXBuildFile; fileRef = 6A5DECBB1EADE80B00AA01CE /* IndexViewController.m */; };
		6A5DED251EAF16B000AA01CE /* KLTImageUPLoader.m in Sources */ = {isa = PBXBuildFile; fileRef = 6A5DED1C1EAF16B000AA01CE /* KLTImageUPLoader.m */; };
		6A5DED261EAF16B000AA01CE /* KLTSinglePhotoPicker.m in Sources */ = {isa = PBXBuildFile; fileRef = 6A5DED1E1EAF16B000AA01CE /* KLTSinglePhotoPicker.m */; };
		6A5DED271EAF16B000AA01CE /* KLTRequestFormData.m in Sources */ = {isa = PBXBuildFile; fileRef = 6A5DED201EAF16B000AA01CE /* KLTRequestFormData.m */; };
		6A5DED281EAF16B000AA01CE /* KLTUPLoadMaskView.m in Sources */ = {isa = PBXBuildFile; fileRef = 6A5DED221EAF16B000AA01CE /* KLTUPLoadMaskView.m */; };
		6A5DED291EAF16B000AA01CE /* UIImageView+KLTUPLoad.m in Sources */ = {isa = PBXBuildFile; fileRef = 6A5DED241EAF16B000AA01CE /* UIImageView+KLTUPLoad.m */; };
		6A833AFB1EB098860009719F /* KLTAlbumPhotoList.m in Sources */ = {isa = PBXBuildFile; fileRef = 6A833AFA1EB098860009719F /* KLTAlbumPhotoList.m */; };
		6ABC33571E9B660F00A50EAF /* photo.JPG in Resources */ = {isa = PBXBuildFile; fileRef = 6ABC33561E9B660F00A50EAF /* photo.JPG */; };
		6AC5B3561E8E03F000E8DCC1 /* main.m in Sources */ = {isa = PBXBuildFile; fileRef = 6AC5B3551E8E03F000E8DCC1 /* main.m */; };
		6AC5B3591E8E03F000E8DCC1 /* AppDelegate.m in Sources */ = {isa = PBXBuildFile; fileRef = 6AC5B3581E8E03F000E8DCC1 /* AppDelegate.m */; };
		6AC5B35C1E8E03F000E8DCC1 /* ViewController.m in Sources */ = {isa = PBXBuildFile; fileRef = 6AC5B35B1E8E03F000E8DCC1 /* ViewController.m */; };
		6AC5B35F1E8E03F000E8DCC1 /* Main.storyboard in Resources */ = {isa = PBXBuildFile; fileRef = 6AC5B35D1E8E03F000E8DCC1 /* Main.storyboard */; };
		6AC5B3611E8E03F000E8DCC1 /* Assets.xcassets in Resources */ = {isa = PBXBuildFile; fileRef = 6AC5B3601E8E03F000E8DCC1 /* Assets.xcassets */; };
		6AC5B3641E8E03F000E8DCC1 /* LaunchScreen.storyboard in Resources */ = {isa = PBXBuildFile; fileRef = 6AC5B3621E8E03F000E8DCC1 /* LaunchScreen.storyboard */; };
/* End PBXBuildFile section */

/* Begin PBXFileReference section */
		3BF3E077091B97766C8FA9D3 /* Pods-PhotoUploader.release.xcconfig */ = {isa = PBXFileReference; includeInIndex = 1; lastKnownFileType = text.xcconfig; name = "Pods-PhotoUploader.release.xcconfig"; path = "Pods/Target Support Files/Pods-PhotoUploader/Pods-PhotoUploader.release.xcconfig"; sourceTree = "<group>"; };
		5348216A673D1D93E2A5942A /* libPods-PhotoUploader.a */ = {isa = PBXFileReference; explicitFileType = archive.ar; includeInIndex = 0; path = "libPods-PhotoUploader.a"; sourceTree = BUILT_PRODUCTS_DIR; };
		6A55A43F1E9CD39D00D8CF31 /* NSArray+Log.h */ = {isa = PBXFileReference; fileEncoding = 4; lastKnownFileType = sourcecode.c.h; path = "NSArray+Log.h"; sourceTree = "<group>"; };
		6A55A4401E9CD39D00D8CF31 /* NSArray+Log.m */ = {isa = PBXFileReference; fileEncoding = 4; lastKnownFileType = sourcecode.c.objc; path = "NSArray+Log.m"; sourceTree = "<group>"; };
		6A5D481D1EB9B58200A3F15D /* KLTImageUploaderDefine.h */ = {isa = PBXFileReference; lastKnownFileType = sourcecode.c.h; path = KLTImageUploaderDefine.h; sourceTree = "<group>"; };
		6A5D481E1EB9B80F00A3F15D /* KLTAssetCell.h */ = {isa = PBXFileReference; fileEncoding = 4; lastKnownFileType = sourcecode.c.h; path = KLTAssetCell.h; sourceTree = "<group>"; };
		6A5D481F1EB9B80F00A3F15D /* KLTAssetCell.m */ = {isa = PBXFileReference; fileEncoding = 4; lastKnownFileType = sourcecode.c.objc; path = KLTAssetCell.m; sourceTree = "<group>"; };
		6A5D48201EB9B80F00A3F15D /* KLTAssetCell.xib */ = {isa = PBXFileReference; fileEncoding = 4; lastKnownFileType = file.xib; path = KLTAssetCell.xib; sourceTree = "<group>"; };
		6A5D482C1EB9BDFE00A3F15D /* KLTAsset.h */ = {isa = PBXFileReference; fileEncoding = 4; lastKnownFileType = sourcecode.c.h; path = KLTAsset.h; sourceTree = "<group>"; };
		6A5D482D1EB9BDFE00A3F15D /* KLTAsset.m */ = {isa = PBXFileReference; fileEncoding = 4; lastKnownFileType = sourcecode.c.objc; path = KLTAsset.m; sourceTree = "<group>"; };
		6A5D482F1EB9DBFC00A3F15D /* FPSLabel.h */ = {isa = PBXFileReference; fileEncoding = 4; lastKnownFileType = sourcecode.c.h; path = FPSLabel.h; sourceTree = "<group>"; };
		6A5D48301EB9DBFC00A3F15D /* FPSLabel.m */ = {isa = PBXFileReference; fileEncoding = 4; lastKnownFileType = sourcecode.c.objc; path = FPSLabel.m; sourceTree = "<group>"; };
		6A5D48321EBACA3D00A3F15D /* klt_uncheck@2x.png */ = {isa = PBXFileReference; lastKnownFileType = image.png; path = "klt_uncheck@2x.png"; sourceTree = "<group>"; };
		6A5D48341EBACFF500A3F15D /* klt_check@2x.png */ = {isa = PBXFileReference; lastKnownFileType = image.png; path = "klt_check@2x.png"; sourceTree = "<group>"; };
		6A5D48391EBAD4A400A3F15D /* NavViewController.h */ = {isa = PBXFileReference; fileEncoding = 4; lastKnownFileType = sourcecode.c.h; path = NavViewController.h; sourceTree = "<group>"; };
		6A5D483A1EBAD4A400A3F15D /* NavViewController.m */ = {isa = PBXFileReference; fileEncoding = 4; lastKnownFileType = sourcecode.c.objc; path = NavViewController.m; sourceTree = "<group>"; };
		6A5D484F1EBB0A2C00A3F15D /* KLTImageBrowserController.h */ = {isa = PBXFileReference; fileEncoding = 4; lastKnownFileType = sourcecode.c.h; path = KLTImageBrowserController.h; sourceTree = "<group>"; };
		6A5D48501EBB0A2C00A3F15D /* KLTImageBrowserController.m */ = {isa = PBXFileReference; fileEncoding = 4; lastKnownFileType = sourcecode.c.objc; path = KLTImageBrowserController.m; sourceTree = "<group>"; };
		6A5D48521EBB1C8300A3F15D /* klt_back@2x.png */ = {isa = PBXFileReference; lastKnownFileType = image.png; path = "klt_back@2x.png"; sourceTree = "<group>"; };
		6A5D48541EBC5AEC00A3F15D /* KLTPhotoNavController.h */ = {isa = PBXFileReference; fileEncoding = 4; lastKnownFileType = sourcecode.c.h; path = KLTPhotoNavController.h; sourceTree = "<group>"; };
		6A5D48551EBC5AEC00A3F15D /* KLTPhotoNavController.m */ = {isa = PBXFileReference; fileEncoding = 4; lastKnownFileType = sourcecode.c.objc; path = KLTPhotoNavController.m; sourceTree = "<group>"; };
		6A5D48571EC01BB800A3F15D /* FilterViewController.h */ = {isa = PBXFileReference; fileEncoding = 4; lastKnownFileType = sourcecode.c.h; path = FilterViewController.h; sourceTree = "<group>"; };
		6A5D48581EC01BB800A3F15D /* FilterViewController.m */ = {isa = PBXFileReference; fileEncoding = 4; lastKnownFileType = sourcecode.c.objc; path = FilterViewController.m; sourceTree = "<group>"; };
		6A5D485A1EC0720E00A3F15D /* KLTFilter.h */ = {isa = PBXFileReference; fileEncoding = 4; lastKnownFileType = sourcecode.c.h; path = KLTFilter.h; sourceTree = "<group>"; };
		6A5D485B1EC0720E00A3F15D /* KLTFilter.m */ = {isa = PBXFileReference; fileEncoding = 4; lastKnownFileType = sourcecode.c.objc; path = KLTFilter.m; sourceTree = "<group>"; };
		6A5DECBA1EADE80B00AA01CE /* IndexViewController.h */ = {isa = PBXFileReference; fileEncoding = 4; lastKnownFileType = sourcecode.c.h; path = IndexViewController.h; sourceTree = "<group>"; };
		6A5DECBB1EADE80B00AA01CE /* IndexViewController.m */ = {isa = PBXFileReference; fileEncoding = 4; lastKnownFileType = sourcecode.c.objc; path = IndexViewController.m; sourceTree = "<group>"; };
		6A5DED1B1EAF16B000AA01CE /* KLTImageUPLoader.h */ = {isa = PBXFileReference; fileEncoding = 4; lastKnownFileType = sourcecode.c.h; path = KLTImageUPLoader.h; sourceTree = "<group>"; };
		6A5DED1C1EAF16B000AA01CE /* KLTImageUPLoader.m */ = {isa = PBXFileReference; fileEncoding = 4; lastKnownFileType = sourcecode.c.objc; path = KLTImageUPLoader.m; sourceTree = "<group>"; };
		6A5DED1D1EAF16B000AA01CE /* KLTSinglePhotoPicker.h */ = {isa = PBXFileReference; fileEncoding = 4; lastKnownFileType = sourcecode.c.h; path = KLTSinglePhotoPicker.h; sourceTree = "<group>"; };
		6A5DED1E1EAF16B000AA01CE /* KLTSinglePhotoPicker.m */ = {isa = PBXFileReference; fileEncoding = 4; lastKnownFileType = sourcecode.c.objc; path = KLTSinglePhotoPicker.m; sourceTree = "<group>"; };
		6A5DED1F1EAF16B000AA01CE /* KLTRequestFormData.h */ = {isa = PBXFileReference; fileEncoding = 4; lastKnownFileType = sourcecode.c.h; path = KLTRequestFormData.h; sourceTree = "<group>"; };
		6A5DED201EAF16B000AA01CE /* KLTRequestFormData.m */ = {isa = PBXFileReference; fileEncoding = 4; lastKnownFileType = sourcecode.c.objc; path = KLTRequestFormData.m; sourceTree = "<group>"; };
		6A5DED211EAF16B000AA01CE /* KLTUPLoadMaskView.h */ = {isa = PBXFileReference; fileEncoding = 4; lastKnownFileType = sourcecode.c.h; path = KLTUPLoadMaskView.h; sourceTree = "<group>"; };
		6A5DED221EAF16B000AA01CE /* KLTUPLoadMaskView.m */ = {isa = PBXFileReference; fileEncoding = 4; lastKnownFileType = sourcecode.c.objc; path = KLTUPLoadMaskView.m; sourceTree = "<group>"; };
		6A5DED231EAF16B000AA01CE /* UIImageView+KLTUPLoad.h */ = {isa = PBXFileReference; fileEncoding = 4; lastKnownFileType = sourcecode.c.h; path = "UIImageView+KLTUPLoad.h"; sourceTree = "<group>"; };
		6A5DED241EAF16B000AA01CE /* UIImageView+KLTUPLoad.m */ = {isa = PBXFileReference; fileEncoding = 4; lastKnownFileType = sourcecode.c.objc; path = "UIImageView+KLTUPLoad.m"; sourceTree = "<group>"; };
		6A833AF91EB098860009719F /* KLTAlbumPhotoList.h */ = {isa = PBXFileReference; fileEncoding = 4; lastKnownFileType = sourcecode.c.h; path = KLTAlbumPhotoList.h; sourceTree = "<group>"; };
		6A833AFA1EB098860009719F /* KLTAlbumPhotoList.m */ = {isa = PBXFileReference; fileEncoding = 4; lastKnownFileType = sourcecode.c.objc; path = KLTAlbumPhotoList.m; sourceTree = "<group>"; };
		6ABC33561E9B660F00A50EAF /* photo.JPG */ = {isa = PBXFileReference; lastKnownFileType = image.jpeg; path = photo.JPG; sourceTree = "<group>"; };
		6AC5B3511E8E03F000E8DCC1 /* PhotoUploader.app */ = {isa = PBXFileReference; explicitFileType = wrapper.application; includeInIndex = 0; path = PhotoUploader.app; sourceTree = BUILT_PRODUCTS_DIR; };
		6AC5B3551E8E03F000E8DCC1 /* main.m */ = {isa = PBXFileReference; lastKnownFileType = sourcecode.c.objc; path = main.m; sourceTree = "<group>"; };
		6AC5B3571E8E03F000E8DCC1 /* AppDelegate.h */ = {isa = PBXFileReference; lastKnownFileType = sourcecode.c.h; path = AppDelegate.h; sourceTree = "<group>"; };
		6AC5B3581E8E03F000E8DCC1 /* AppDelegate.m */ = {isa = PBXFileReference; lastKnownFileType = sourcecode.c.objc; path = AppDelegate.m; sourceTree = "<group>"; };
		6AC5B35A1E8E03F000E8DCC1 /* ViewController.h */ = {isa = PBXFileReference; lastKnownFileType = sourcecode.c.h; path = ViewController.h; sourceTree = "<group>"; };
		6AC5B35B1E8E03F000E8DCC1 /* ViewController.m */ = {isa = PBXFileReference; lastKnownFileType = sourcecode.c.objc; path = ViewController.m; sourceTree = "<group>"; };
		6AC5B35E1E8E03F000E8DCC1 /* Base */ = {isa = PBXFileReference; lastKnownFileType = file.storyboard; name = Base; path = Base.lproj/Main.storyboard; sourceTree = "<group>"; };
		6AC5B3601E8E03F000E8DCC1 /* Assets.xcassets */ = {isa = PBXFileReference; lastKnownFileType = folder.assetcatalog; path = Assets.xcassets; sourceTree = "<group>"; };
		6AC5B3631E8E03F000E8DCC1 /* Base */ = {isa = PBXFileReference; lastKnownFileType = file.storyboard; name = Base; path = Base.lproj/LaunchScreen.storyboard; sourceTree = "<group>"; };
		6AC5B3651E8E03F000E8DCC1 /* Info.plist */ = {isa = PBXFileReference; lastKnownFileType = text.plist.xml; path = Info.plist; sourceTree = "<group>"; };
		CB4385C94359BF1B2C08DCBE /* Pods-PhotoUploader.debug.xcconfig */ = {isa = PBXFileReference; includeInIndex = 1; lastKnownFileType = text.xcconfig; name = "Pods-PhotoUploader.debug.xcconfig"; path = "Pods/Target Support Files/Pods-PhotoUploader/Pods-PhotoUploader.debug.xcconfig"; sourceTree = "<group>"; };
/* End PBXFileReference section */

/* Begin PBXFrameworksBuildPhase section */
		6AC5B34E1E8E03F000E8DCC1 /* Frameworks */ = {
			isa = PBXFrameworksBuildPhase;
			buildActionMask = 2147483647;
			files = (
			);
			runOnlyForDeploymentPostprocessing = 0;
		};
/* End PBXFrameworksBuildPhase section */

/* Begin PBXGroup section */
		6A5D48231EB9B8A100A3F15D /* Resource */ = {
			isa = PBXGroup;
			children = (
				6A5D482F1EB9DBFC00A3F15D /* FPSLabel.h */,
				6A5D48301EB9DBFC00A3F15D /* FPSLabel.m */,
				6A5D48521EBB1C8300A3F15D /* klt_back@2x.png */,
				6A5D48341EBACFF500A3F15D /* klt_check@2x.png */,
				6A5D48321EBACA3D00A3F15D /* klt_uncheck@2x.png */,
			);
			name = Resource;
			sourceTree = "<group>";
		};
		6A5DED1A1EAF16B000AA01CE /* KLTImageUpLoader */ = {
			isa = PBXGroup;
			children = (
				6A5D48231EB9B8A100A3F15D /* Resource */,
				6A5D481D1EB9B58200A3F15D /* KLTImageUploaderDefine.h */,
				6A5DED1B1EAF16B000AA01CE /* KLTImageUPLoader.h */,
				6A5DED1C1EAF16B000AA01CE /* KLTImageUPLoader.m */,
				6A5DED1D1EAF16B000AA01CE /* KLTSinglePhotoPicker.h */,
				6A5DED1E1EAF16B000AA01CE /* KLTSinglePhotoPicker.m */,
				6A5DED1F1EAF16B000AA01CE /* KLTRequestFormData.h */,
				6A5DED201EAF16B000AA01CE /* KLTRequestFormData.m */,
				6A5DED211EAF16B000AA01CE /* KLTUPLoadMaskView.h */,
				6A5DED221EAF16B000AA01CE /* KLTUPLoadMaskView.m */,
				6A5DED231EAF16B000AA01CE /* UIImageView+KLTUPLoad.h */,
				6A5DED241EAF16B000AA01CE /* UIImageView+KLTUPLoad.m */,
				6A833AF91EB098860009719F /* KLTAlbumPhotoList.h */,
				6A833AFA1EB098860009719F /* KLTAlbumPhotoList.m */,
				6A5D484F1EBB0A2C00A3F15D /* KLTImageBrowserController.h */,
				6A5D48501EBB0A2C00A3F15D /* KLTImageBrowserController.m */,
				6A5D482C1EB9BDFE00A3F15D /* KLTAsset.h */,
				6A5D482D1EB9BDFE00A3F15D /* KLTAsset.m */,
				6A5D481E1EB9B80F00A3F15D /* KLTAssetCell.h */,
				6A5D481F1EB9B80F00A3F15D /* KLTAssetCell.m */,
				6A5D48201EB9B80F00A3F15D /* KLTAssetCell.xib */,
				6A5D48541EBC5AEC00A3F15D /* KLTPhotoNavController.h */,
				6A5D48551EBC5AEC00A3F15D /* KLTPhotoNavController.m */,
				6A5D485A1EC0720E00A3F15D /* KLTFilter.h */,
				6A5D485B1EC0720E00A3F15D /* KLTFilter.m */,
			);
			path = KLTImageUpLoader;
			sourceTree = "<group>";
		};
		6AC5B3481E8E03F000E8DCC1 = {
			isa = PBXGroup;
			children = (
				6AC5B3531E8E03F000E8DCC1 /* PhotoUploader */,
				6AC5B3521E8E03F000E8DCC1 /* Products */,
				6BB05D9F6E8D3E22295CCED0 /* Pods */,
				98278A659F2370C89E63F82D /* Frameworks */,
			);
			sourceTree = "<group>";
		};
		6AC5B3521E8E03F000E8DCC1 /* Products */ = {
			isa = PBXGroup;
			children = (
				6AC5B3511E8E03F000E8DCC1 /* PhotoUploader.app */,
			);
			name = Products;
			sourceTree = "<group>";
		};
		6AC5B3531E8E03F000E8DCC1 /* PhotoUploader */ = {
			isa = PBXGroup;
			children = (
				6A5DED1A1EAF16B000AA01CE /* KLTImageUpLoader */,
				6A55A43F1E9CD39D00D8CF31 /* NSArray+Log.h */,
				6A55A4401E9CD39D00D8CF31 /* NSArray+Log.m */,
				6A5DECBA1EADE80B00AA01CE /* IndexViewController.h */,
				6A5DECBB1EADE80B00AA01CE /* IndexViewController.m */,
				6A5D48571EC01BB800A3F15D /* FilterViewController.h */,
				6A5D48581EC01BB800A3F15D /* FilterViewController.m */,
				6ABC33561E9B660F00A50EAF /* photo.JPG */,
				6AC5B3571E8E03F000E8DCC1 /* AppDelegate.h */,
				6AC5B3581E8E03F000E8DCC1 /* AppDelegate.m */,
				6A5D48391EBAD4A400A3F15D /* NavViewController.h */,
				6A5D483A1EBAD4A400A3F15D /* NavViewController.m */,
				6AC5B35A1E8E03F000E8DCC1 /* ViewController.h */,
				6AC5B35B1E8E03F000E8DCC1 /* ViewController.m */,
				6AC5B35D1E8E03F000E8DCC1 /* Main.storyboard */,
				6AC5B3601E8E03F000E8DCC1 /* Assets.xcassets */,
				6AC5B3621E8E03F000E8DCC1 /* LaunchScreen.storyboard */,
				6AC5B3651E8E03F000E8DCC1 /* Info.plist */,
				6AC5B3541E8E03F000E8DCC1 /* Supporting Files */,
			);
			path = PhotoUploader;
			sourceTree = "<group>";
		};
		6AC5B3541E8E03F000E8DCC1 /* Supporting Files */ = {
			isa = PBXGroup;
			children = (
				6AC5B3551E8E03F000E8DCC1 /* main.m */,
			);
			name = "Supporting Files";
			sourceTree = "<group>";
		};
		6BB05D9F6E8D3E22295CCED0 /* Pods */ = {
			isa = PBXGroup;
			children = (
				CB4385C94359BF1B2C08DCBE /* Pods-PhotoUploader.debug.xcconfig */,
				3BF3E077091B97766C8FA9D3 /* Pods-PhotoUploader.release.xcconfig */,
			);
			name = Pods;
			sourceTree = "<group>";
		};
		98278A659F2370C89E63F82D /* Frameworks */ = {
			isa = PBXGroup;
			children = (
				5348216A673D1D93E2A5942A /* libPods-PhotoUploader.a */,
			);
			name = Frameworks;
			sourceTree = "<group>";
		};
/* End PBXGroup section */

/* Begin PBXNativeTarget section */
		6AC5B3501E8E03F000E8DCC1 /* PhotoUploader */ = {
			isa = PBXNativeTarget;
			buildConfigurationList = 6AC5B3681E8E03F000E8DCC1 /* Build configuration list for PBXNativeTarget "PhotoUploader" */;
			buildPhases = (
				6AC5B34D1E8E03F000E8DCC1 /* Sources */,
				6AC5B34E1E8E03F000E8DCC1 /* Frameworks */,
				6AC5B34F1E8E03F000E8DCC1 /* Resources */,
			);
			buildRules = (
			);
			dependencies = (
			);
			name = PhotoUploader;
			productName = PhotoUploader;
			productReference = 6AC5B3511E8E03F000E8DCC1 /* PhotoUploader.app */;
			productType = "com.apple.product-type.application";
		};
/* End PBXNativeTarget section */

/* Begin PBXProject section */
		6AC5B3491E8E03F000E8DCC1 /* Project object */ = {
			isa = PBXProject;
			attributes = {
				LastUpgradeCheck = 0820;
				ORGANIZATIONNAME = KongLT;
				TargetAttributes = {
					6AC5B3501E8E03F000E8DCC1 = {
						CreatedOnToolsVersion = 8.2.1;
						DevelopmentTeam = Y33KMQ8763;
						ProvisioningStyle = Automatic;
					};
				};
			};
			buildConfigurationList = 6AC5B34C1E8E03F000E8DCC1 /* Build configuration list for PBXProject "PhotoUploader" */;
			compatibilityVersion = "Xcode 3.2";
			developmentRegion = English;
			hasScannedForEncodings = 0;
			knownRegions = (
				en,
				Base,
			);
			mainGroup = 6AC5B3481E8E03F000E8DCC1;
			productRefGroup = 6AC5B3521E8E03F000E8DCC1 /* Products */;
			projectDirPath = "";
			projectRoot = "";
			targets = (
				6AC5B3501E8E03F000E8DCC1 /* PhotoUploader */,
			);
		};
/* End PBXProject section */

/* Begin PBXResourcesBuildPhase section */
		6AC5B34F1E8E03F000E8DCC1 /* Resources */ = {
			isa = PBXResourcesBuildPhase;
			buildActionMask = 2147483647;
			files = (
				6AC5B3641E8E03F000E8DCC1 /* LaunchScreen.storyboard in Resources */,
				6AC5B3611E8E03F000E8DCC1 /* Assets.xcassets in Resources */,
				6A5D48351EBACFF500A3F15D /* klt_check@2x.png in Resources */,
				6ABC33571E9B660F00A50EAF /* photo.JPG in Resources */,
				6AC5B35F1E8E03F000E8DCC1 /* Main.storyboard in Resources */,
				6A5D48331EBACA3D00A3F15D /* klt_uncheck@2x.png in Resources */,
				6A5D48221EB9B80F00A3F15D /* KLTAssetCell.xib in Resources */,
				6A5D48531EBB1C8300A3F15D /* klt_back@2x.png in Resources */,
			);
			runOnlyForDeploymentPostprocessing = 0;
		};
/* End PBXResourcesBuildPhase section */

/* Begin PBXSourcesBuildPhase section */
		6AC5B34D1E8E03F000E8DCC1 /* Sources */ = {
			isa = PBXSourcesBuildPhase;
			buildActionMask = 2147483647;
			files = (
				6A5D48211EB9B80F00A3F15D /* KLTAssetCell.m in Sources */,
				6A5D48561EBC5AEC00A3F15D /* KLTPhotoNavController.m in Sources */,
				6A833AFB1EB098860009719F /* KLTAlbumPhotoList.m in Sources */,
				6AC5B35C1E8E03F000E8DCC1 /* ViewController.m in Sources */,
				6A55A4411E9CD39D00D8CF31 /* NSArray+Log.m in Sources */,
				6A5D483B1EBAD4A400A3F15D /* NavViewController.m in Sources */,
				6AC5B3591E8E03F000E8DCC1 /* AppDelegate.m in Sources */,
				6A5D482E1EB9BDFE00A3F15D /* KLTAsset.m in Sources */,
				6A5DED271EAF16B000AA01CE /* KLTRequestFormData.m in Sources */,
				6A5DECBC1EADE80B00AA01CE /* IndexViewController.m in Sources */,
				6A5D485C1EC0720E00A3F15D /* KLTFilter.m in Sources */,
				6A5D48591EC01BB800A3F15D /* FilterViewController.m in Sources */,
				6A5DED261EAF16B000AA01CE /* KLTSinglePhotoPicker.m in Sources */,
				6A5DED251EAF16B000AA01CE /* KLTImageUPLoader.m in Sources */,
				6A5D48311EB9DBFC00A3F15D /* FPSLabel.m in Sources */,
				6AC5B3561E8E03F000E8DCC1 /* main.m in Sources */,
				6A5DED281EAF16B000AA01CE /* KLTUPLoadMaskView.m in Sources */,
				6A5D48511EBB0A2C00A3F15D /* KLTImageBrowserController.m in Sources */,
				6A5DED291EAF16B000AA01CE /* UIImageView+KLTUPLoad.m in Sources */,
			);
			runOnlyForDeploymentPostprocessing = 0;
		};
/* End PBXSourcesBuildPhase section */

/* Begin PBXVariantGroup section */
		6AC5B35D1E8E03F000E8DCC1 /* Main.storyboard */ = {
			isa = PBXVariantGroup;
			children = (
				6AC5B35E1E8E03F000E8DCC1 /* Base */,
			);
			name = Main.storyboard;
			sourceTree = "<group>";
		};
		6AC5B3621E8E03F000E8DCC1 /* LaunchScreen.storyboard */ = {
			isa = PBXVariantGroup;
			children = (
				6AC5B3631E8E03F000E8DCC1 /* Base */,
			);
			name = LaunchScreen.storyboard;
			sourceTree = "<group>";
		};
/* End PBXVariantGroup section */

/* Begin XCBuildConfiguration section */
		6AC5B3671E8E03F000E8DCC1 /* Release */ = {
			isa = XCBuildConfiguration;
			buildSettings = {
				ALWAYS_SEARCH_USER_PATHS = NO;
				CLANG_ANALYZER_NONNULL = YES;
				CLANG_CXX_LANGUAGE_STANDARD = "gnu++0x";
				CLANG_CXX_LIBRARY = "libc++";
				CLANG_ENABLE_MODULES = YES;
				CLANG_ENABLE_OBJC_ARC = YES;
				CLANG_WARN_BOOL_CONVERSION = YES;
				CLANG_WARN_CONSTANT_CONVERSION = YES;
				CLANG_WARN_DIRECT_OBJC_ISA_USAGE = YES_ERROR;
				CLANG_WARN_DOCUMENTATION_COMMENTS = YES;
				CLANG_WARN_EMPTY_BODY = YES;
				CLANG_WARN_ENUM_CONVERSION = YES;
				CLANG_WARN_INFINITE_RECURSION = YES;
				CLANG_WARN_INT_CONVERSION = YES;
				CLANG_WARN_OBJC_ROOT_CLASS = YES_ERROR;
				CLANG_WARN_SUSPICIOUS_MOVE = YES;
				CLANG_WARN_UNREACHABLE_CODE = YES;
				CLANG_WARN__DUPLICATE_METHOD_MATCH = YES;
				"CODE_SIGN_IDENTITY[sdk=iphoneos*]" = "iPhone Developer";
				COPY_PHASE_STRIP = NO;
				DEBUG_INFORMATION_FORMAT = "dwarf-with-dsym";
				ENABLE_NS_ASSERTIONS = NO;
				ENABLE_STRICT_OBJC_MSGSEND = YES;
				GCC_C_LANGUAGE_STANDARD = gnu99;
				GCC_NO_COMMON_BLOCKS = YES;
				GCC_WARN_64_TO_32_BIT_CONVERSION = YES;
				GCC_WARN_ABOUT_RETURN_TYPE = YES_ERROR;
				GCC_WARN_UNDECLARED_SELECTOR = YES;
				GCC_WARN_UNINITIALIZED_AUTOS = YES_AGGRESSIVE;
				GCC_WARN_UNUSED_FUNCTION = YES;
				GCC_WARN_UNUSED_VARIABLE = YES;
				IPHONEOS_DEPLOYMENT_TARGET = 10.2;
				MTL_ENABLE_DEBUG_INFO = NO;
				SDKROOT = iphoneos;
				VALIDATE_PRODUCT = YES;
			};
			name = Release;
		};
		6AC5B36A1E8E03F000E8DCC1 /* Release */ = {
			isa = XCBuildConfiguration;
			buildSettings = {
				ASSETCATALOG_COMPILER_APPICON_NAME = AppIcon;
				DEVELOPMENT_TEAM = Y33KMQ8763;
				INFOPLIST_FILE = PhotoUploader/Info.plist;
				LD_RUNPATH_SEARCH_PATHS = "$(inherited) @executable_path/Frameworks";
				PRODUCT_BUNDLE_IDENTIFIER = KongLT.PhotoUploader;
				PRODUCT_NAME = "$(TARGET_NAME)";
			};
			name = Release;
		};
/* End XCBuildConfiguration section */

/* Begin XCConfigurationList section */
		6AC5B34C1E8E03F000E8DCC1 /* Build configuration list for PBXProject "PhotoUploader" */ = {
			isa = XCConfigurationList;
			buildConfigurations = (
				6AC5B3671E8E03F000E8DCC1 /* Release */,
			);
			defaultConfigurationIsVisible = 0;
			defaultConfigurationName = Release;
		};
		6AC5B3681E8E03F000E8DCC1 /* Build configuration list for PBXNativeTarget "PhotoUploader" */ = {
			isa = XCConfigurationList;
			buildConfigurations = (
				6AC5B36A1E8E03F000E8DCC1 /* Release */,
			);
			defaultConfigurationIsVisible = 0;
			defaultConfigurationName = Release;
		};
/* End XCConfigurationList section */
	};
	rootObject = 6AC5B3491E8E03F000E8DCC1 /* Project object */;
}
